
Microsoft Visual Studio Solution File, Format Version 12.00
# Visual Studio Version 17
VisualStudioVersion = 17.3.32929.385
MinimumVisualStudioVersion = 10.0.40219.1
Project("{9A19103F-16F7-4668-BE54-9A1E7A4F7556}") = "AracKullanımı", "WinFormsApp5\AracKullanımı.csproj", "{D78877FE-CF92-4D41-BF47-EAEA7362ABFD}"
EndProject
Project("{9A19103F-16F7-4668-BE54-9A1E7A4F7556}") = "aracKullanımOrnekleri", "Ornekler\aracKullanımOrnekleri.csproj", "{AECA90BC-93FC-4A4E-98A9-A9A78187C203}"
EndProject
Project("{9A19103F-16F7-4668-BE54-9A1E7A4F7556}") = "ucakBileti", "ucakBileti\ucakBileti.csproj", "{F9438EE8-23B2-4722-8C07-E964E58C646B}"
EndProject
Project("{9A19103F-16F7-4668-BE54-9A1E7A4F7556}") = "Degiskenler", "Degiskenler\Degiskenler.csproj", "{335727CB-EB04-4EAF-BA2C-C2FD1D9B716A}"
EndProject
Project("{9A19103F-16F7-4668-BE54-9A1E7A4F7556}") = "bufeSatıs", "bufeSatıs\bufeSatıs.csproj", "{49B741C6-EB58-4521-ABCA-7D61D1909C71}"
EndProject
Project("{9A19103F-16F7-4668-BE54-9A1E7A4F7556}") = "kararYapıları", "kararYapıları\kararYapıları.csproj", "{E7509D3C-F5BB-408C-9076-A7C3C755CE55}"
EndProject
Project("{2150E333-8FDC-42A3-9474-1A3956D46DE8}") = "1.Konular", "1.Konular", "{00B2BA68-B893-49EC-92E1-7731CC2798D3}"
EndProject
Project("{2150E333-8FDC-42A3-9474-1A3956D46DE8}") = "2.Örnekler", "2.Örnekler", "{D4E7D394-7D58-4ECA-9176-BD85C2B00713}"
EndProject
Project("{9A19103F-16F7-4668-BE54-9A1E7A4F7556}") = "bilgiYarısması", "bilgiYarısması\bilgiYarısması.csproj", "{CF873769-1E99-498A-A4D6-A770D2B971C4}"
EndProject
Project("{9A19103F-16F7-4668-BE54-9A1E7A4F7556}") = "donguler", "donguler\donguler.csproj", "{1AA199B8-09D0-4F3A-8145-4F228798182A}"
EndProject
Project("{9A19103F-16F7-4668-BE54-9A1E7A4F7556}") = "kekPisirmeUygulaması", "kekPisirmeUygulaması\kekPisirmeUygulaması.csproj", "{92AB314F-7E48-46E4-A50D-657A9C062010}"
EndProject
Project("{9A19103F-16F7-4668-BE54-9A1E7A4F7556}") = "diziler", "diziler\diziler.csproj", "{890478A1-2FD6-482D-8FA7-050987F87F7A}"
EndProject
Project("{9A19103F-16F7-4668-BE54-9A1E7A4F7556}") = "metotlar", "metotlar\metotlar.csproj", "{FAD42E70-F64E-4037-80F1-3BD445E17CBC}"
EndProject
Project("{9A19103F-16F7-4668-BE54-9A1E7A4F7556}") = "sınıflar", "sınıflar\sınıflar.csproj", "{1061651E-9017-4FC7-8FEA-905FE24AE306}"
EndProject
Project("{9A19103F-16F7-4668-BE54-9A1E7A4F7556}") = "RandomKullanımı", "RondomKullanımı\RandomKullanımı.csproj", "{47ECF17E-BFEF-456F-B931-F3FDC461DCE1}"
EndProject
Project("{9A19103F-16F7-4668-BE54-9A1E7A4F7556}") = "captchaUygulaması", "captchaUygulaması\captchaUygulaması.csproj", "{6408D9BE-8B7D-43D3-B596-9ACB9ECCE319}"
EndProject
Project("{9A19103F-16F7-4668-BE54-9A1E7A4F7556}") = "formArasıGecis", "formArasıGecis\formArasıGecis.csproj", "{2E5EBA6B-8BCD-4444-8B22-1C339501E2AE}"
EndProject
Project("{9A19103F-16F7-4668-BE54-9A1E7A4F7556}") = "formlarArasıVeriTasıma", "formlarArasıVeriTasıma\formlarArasıVeriTasıma.csproj", "{CFBD728E-BE2D-4E2B-9B9B-B5A69142121D}"
EndProject
Project("{9A19103F-16F7-4668-BE54-9A1E7A4F7556}") = "formlarArasıVeriAktermaOrnek", "formlarArasıVeriAktermaOrnek\formlarArasıVeriAktermaOrnek.csproj", "{464E1C7C-5F4E-4B06-8E5A-E3D5D4E20D4B}"
EndProject
Project("{9A19103F-16F7-4668-BE54-9A1E7A4F7556}") = "enumYapısı", "enumYapısı\enumYapısı.csproj", "{B70CB9B2-D295-4A3A-84BD-7B5E833FC4BD}"
EndProject
Project("{9A19103F-16F7-4668-BE54-9A1E7A4F7556}") = "matemetikFonksiyonları", "matemetikFonksiyonları\matemetikFonksiyonları.csproj", "{3C1CAD6E-6C65-4B1A-993F-7578B2DBB21B}"
EndProject
Project("{9A19103F-16F7-4668-BE54-9A1E7A4F7556}") = "dinamikAraclar", "dinamikAraclar\dinamikAraclar.csproj", "{2F6CE007-7BFB-4503-B653-8222FF080166}"
EndProject
Project("{2150E333-8FDC-42A3-9474-1A3956D46DE8}") = "3.Veri Tabanı Konuları", "3.Veri Tabanı Konuları", "{86B990B3-D534-425F-A2E6-0AD2CDFFE463}"
EndProject
Project("{FAE04EC0-301F-11D3-BF4B-00C04F79EFBC}") = "personelVerileri", "personelVerileri3\personelVerileri.csproj", "{4D4EF2E4-8EA2-4DD6-9593-B69FEE5BB96E}"
EndProject
Project("{FAE04EC0-301F-11D3-BF4B-00C04F79EFBC}") = "Dosyaislemleri", "Dosyaislemleri\Dosyaislemleri.csproj", "{EC6BCF70-8E2C-43A6-BF55-F36A4312BD08}"
EndProject
Project("{2150E333-8FDC-42A3-9474-1A3956D46DE8}") = "4.Dosya İşlemleri", "4.Dosya İşlemleri", "{92C3990B-9509-4413-AE5A-B07A45843FB8}"
EndProject
Project("{FAE04EC0-301F-11D3-BF4B-00C04F79EFBC}") = "metinBelgesiOlusturma", "metinBelgesiOlusturma\metinBelgesiOlusturma.csproj", "{8D1E81FA-6AE7-4120-962F-CCB08A2A9FC8}"
EndProject
Project("{FAE04EC0-301F-11D3-BF4B-00C04F79EFBC}") = "metinBeligesiOkuma", "metinBeligesiOkuma\metinBeligesiOkuma.csproj", "{7689B108-1CBB-4AC2-8AA6-86758013B091}"
EndProject
Project("{FAE04EC0-301F-11D3-BF4B-00C04F79EFBC}") = "metinBelgesiKaydetme", "metinBelgesiKaydetme\metinBelgesiKaydetme.csproj", "{5DA694C6-CD42-4F78-8171-D77C17301E74}"
EndProject
Global
	GlobalSection(SolutionConfigurationPlatforms) = preSolution
		Debug|Any CPU = Debug|Any CPU
		Release|Any CPU = Release|Any CPU
	EndGlobalSection
	GlobalSection(ProjectConfigurationPlatforms) = postSolution
		{D78877FE-CF92-4D41-BF47-EAEA7362ABFD}.Debug|Any CPU.ActiveCfg = Debug|Any CPU
		{D78877FE-CF92-4D41-BF47-EAEA7362ABFD}.Debug|Any CPU.Build.0 = Debug|Any CPU
		{D78877FE-CF92-4D41-BF47-EAEA7362ABFD}.Release|Any CPU.ActiveCfg = Release|Any CPU
		{D78877FE-CF92-4D41-BF47-EAEA7362ABFD}.Release|Any CPU.Build.0 = Release|Any CPU
		{AECA90BC-93FC-4A4E-98A9-A9A78187C203}.Debug|Any CPU.ActiveCfg = Debug|Any CPU
		{AECA90BC-93FC-4A4E-98A9-A9A78187C203}.Debug|Any CPU.Build.0 = Debug|Any CPU
		{AECA90BC-93FC-4A4E-98A9-A9A78187C203}.Release|Any CPU.ActiveCfg = Release|Any CPU
		{AECA90BC-93FC-4A4E-98A9-A9A78187C203}.Release|Any CPU.Build.0 = Release|Any CPU
		{F9438EE8-23B2-4722-8C07-E964E58C646B}.Debug|Any CPU.ActiveCfg = Debug|Any CPU
		{F9438EE8-23B2-4722-8C07-E964E58C646B}.Debug|Any CPU.Build.0 = Debug|Any CPU
		{F9438EE8-23B2-4722-8C07-E964E58C646B}.Release|Any CPU.ActiveCfg = Release|Any CPU
		{F9438EE8-23B2-4722-8C07-E964E58C646B}.Release|Any CPU.Build.0 = Release|Any CPU
		{335727CB-EB04-4EAF-BA2C-C2FD1D9B716A}.Debug|Any CPU.ActiveCfg = Debug|Any CPU
		{335727CB-EB04-4EAF-BA2C-C2FD1D9B716A}.Debug|Any CPU.Build.0 = Debug|Any CPU
		{335727CB-EB04-4EAF-BA2C-C2FD1D9B716A}.Release|Any CPU.ActiveCfg = Release|Any CPU
		{335727CB-EB04-4EAF-BA2C-C2FD1D9B716A}.Release|Any CPU.Build.0 = Release|Any CPU
		{49B741C6-EB58-4521-ABCA-7D61D1909C71}.Debug|Any CPU.ActiveCfg = Debug|Any CPU
		{49B741C6-EB58-4521-ABCA-7D61D1909C71}.Debug|Any CPU.Build.0 = Debug|Any CPU
		{49B741C6-EB58-4521-ABCA-7D61D1909C71}.Release|Any CPU.ActiveCfg = Release|Any CPU
		{49B741C6-EB58-4521-ABCA-7D61D1909C71}.Release|Any CPU.Build.0 = Release|Any CPU
		{E7509D3C-F5BB-408C-9076-A7C3C755CE55}.Debug|Any CPU.ActiveCfg = Debug|Any CPU
		{E7509D3C-F5BB-408C-9076-A7C3C755CE55}.Debug|Any CPU.Build.0 = Debug|Any CPU
		{E7509D3C-F5BB-408C-9076-A7C3C755CE55}.Release|Any CPU.ActiveCfg = Release|Any CPU
		{E7509D3C-F5BB-408C-9076-A7C3C755CE55}.Release|Any CPU.Build.0 = Release|Any CPU
		{CF873769-1E99-498A-A4D6-A770D2B971C4}.Debug|Any CPU.ActiveCfg = Debug|Any CPU
		{CF873769-1E99-498A-A4D6-A770D2B971C4}.Debug|Any CPU.Build.0 = Debug|Any CPU
		{CF873769-1E99-498A-A4D6-A770D2B971C4}.Release|Any CPU.ActiveCfg = Release|Any CPU
		{CF873769-1E99-498A-A4D6-A770D2B971C4}.Release|Any CPU.Build.0 = Release|Any CPU
		{1AA199B8-09D0-4F3A-8145-4F228798182A}.Debug|Any CPU.ActiveCfg = Debug|Any CPU
		{1AA199B8-09D0-4F3A-8145-4F228798182A}.Debug|Any CPU.Build.0 = Debug|Any CPU
		{1AA199B8-09D0-4F3A-8145-4F228798182A}.Release|Any CPU.ActiveCfg = Release|Any CPU
		{1AA199B8-09D0-4F3A-8145-4F228798182A}.Release|Any CPU.Build.0 = Release|Any CPU
		{92AB314F-7E48-46E4-A50D-657A9C062010}.Debug|Any CPU.ActiveCfg = Debug|Any CPU
		{92AB314F-7E48-46E4-A50D-657A9C062010}.Debug|Any CPU.Build.0 = Debug|Any CPU
		{92AB314F-7E48-46E4-A50D-657A9C062010}.Release|Any CPU.ActiveCfg = Release|Any CPU
		{92AB314F-7E48-46E4-A50D-657A9C062010}.Release|Any CPU.Build.0 = Release|Any CPU
		{890478A1-2FD6-482D-8FA7-050987F87F7A}.Debug|Any CPU.ActiveCfg = Debug|Any CPU
		{890478A1-2FD6-482D-8FA7-050987F87F7A}.Debug|Any CPU.Build.0 = Debug|Any CPU
		{890478A1-2FD6-482D-8FA7-050987F87F7A}.Release|Any CPU.ActiveCfg = Release|Any CPU
		{890478A1-2FD6-482D-8FA7-050987F87F7A}.Release|Any CPU.Build.0 = Release|Any CPU
		{FAD42E70-F64E-4037-80F1-3BD445E17CBC}.Debug|Any CPU.ActiveCfg = Debug|Any CPU
		{FAD42E70-F64E-4037-80F1-3BD445E17CBC}.Debug|Any CPU.Build.0 = Debug|Any CPU
		{FAD42E70-F64E-4037-80F1-3BD445E17CBC}.Release|Any CPU.ActiveCfg = Release|Any CPU
		{FAD42E70-F64E-4037-80F1-3BD445E17CBC}.Release|Any CPU.Build.0 = Release|Any CPU
		{1061651E-9017-4FC7-8FEA-905FE24AE306}.Debug|Any CPU.ActiveCfg = Debug|Any CPU
		{1061651E-9017-4FC7-8FEA-905FE24AE306}.Debug|Any CPU.Build.0 = Debug|Any CPU
		{1061651E-9017-4FC7-8FEA-905FE24AE306}.Release|Any CPU.ActiveCfg = Release|Any CPU
		{1061651E-9017-4FC7-8FEA-905FE24AE306}.Release|Any CPU.Build.0 = Release|Any CPU
		{47ECF17E-BFEF-456F-B931-F3FDC461DCE1}.Debug|Any CPU.ActiveCfg = Debug|Any CPU
		{47ECF17E-BFEF-456F-B931-F3FDC461DCE1}.Debug|Any CPU.Build.0 = Debug|Any CPU
		{47ECF17E-BFEF-456F-B931-F3FDC461DCE1}.Release|Any CPU.ActiveCfg = Release|Any CPU
		{47ECF17E-BFEF-456F-B931-F3FDC461DCE1}.Release|Any CPU.Build.0 = Release|Any CPU
		{6408D9BE-8B7D-43D3-B596-9ACB9ECCE319}.Debug|Any CPU.ActiveCfg = Debug|Any CPU
		{6408D9BE-8B7D-43D3-B596-9ACB9ECCE319}.Debug|Any CPU.Build.0 = Debug|Any CPU
		{6408D9BE-8B7D-43D3-B596-9ACB9ECCE319}.Release|Any CPU.ActiveCfg = Release|Any CPU
		{6408D9BE-8B7D-43D3-B596-9ACB9ECCE319}.Release|Any CPU.Build.0 = Release|Any CPU
		{2E5EBA6B-8BCD-4444-8B22-1C339501E2AE}.Debug|Any CPU.ActiveCfg = Debug|Any CPU
		{2E5EBA6B-8BCD-4444-8B22-1C339501E2AE}.Debug|Any CPU.Build.0 = Debug|Any CPU
		{2E5EBA6B-8BCD-4444-8B22-1C339501E2AE}.Release|Any CPU.ActiveCfg = Release|Any CPU
		{2E5EBA6B-8BCD-4444-8B22-1C339501E2AE}.Release|Any CPU.Build.0 = Release|Any CPU
		{CFBD728E-BE2D-4E2B-9B9B-B5A69142121D}.Debug|Any CPU.ActiveCfg = Debug|Any CPU
		{CFBD728E-BE2D-4E2B-9B9B-B5A69142121D}.Debug|Any CPU.Build.0 = Debug|Any CPU
		{CFBD728E-BE2D-4E2B-9B9B-B5A69142121D}.Release|Any CPU.ActiveCfg = Release|Any CPU
		{CFBD728E-BE2D-4E2B-9B9B-B5A69142121D}.Release|Any CPU.Build.0 = Release|Any CPU
		{464E1C7C-5F4E-4B06-8E5A-E3D5D4E20D4B}.Debug|Any CPU.ActiveCfg = Debug|Any CPU
		{464E1C7C-5F4E-4B06-8E5A-E3D5D4E20D4B}.Debug|Any CPU.Build.0 = Debug|Any CPU
		{464E1C7C-5F4E-4B06-8E5A-E3D5D4E20D4B}.Release|Any CPU.ActiveCfg = Release|Any CPU
		{464E1C7C-5F4E-4B06-8E5A-E3D5D4E20D4B}.Release|Any CPU.Build.0 = Release|Any CPU
		{B70CB9B2-D295-4A3A-84BD-7B5E833FC4BD}.Debug|Any CPU.ActiveCfg = Debug|Any CPU
		{B70CB9B2-D295-4A3A-84BD-7B5E833FC4BD}.Debug|Any CPU.Build.0 = Debug|Any CPU
		{B70CB9B2-D295-4A3A-84BD-7B5E833FC4BD}.Release|Any CPU.ActiveCfg = Release|Any CPU
		{B70CB9B2-D295-4A3A-84BD-7B5E833FC4BD}.Release|Any CPU.Build.0 = Release|Any CPU
		{3C1CAD6E-6C65-4B1A-993F-7578B2DBB21B}.Debug|Any CPU.ActiveCfg = Debug|Any CPU
		{3C1CAD6E-6C65-4B1A-993F-7578B2DBB21B}.Debug|Any CPU.Build.0 = Debug|Any CPU
		{3C1CAD6E-6C65-4B1A-993F-7578B2DBB21B}.Release|Any CPU.ActiveCfg = Release|Any CPU
		{3C1CAD6E-6C65-4B1A-993F-7578B2DBB21B}.Release|Any CPU.Build.0 = Release|Any CPU
		{2F6CE007-7BFB-4503-B653-8222FF080166}.Debug|Any CPU.ActiveCfg = Debug|Any CPU
		{2F6CE007-7BFB-4503-B653-8222FF080166}.Debug|Any CPU.Build.0 = Debug|Any CPU
		{2F6CE007-7BFB-4503-B653-8222FF080166}.Release|Any CPU.ActiveCfg = Release|Any CPU
		{2F6CE007-7BFB-4503-B653-8222FF080166}.Release|Any CPU.Build.0 = Release|Any CPU
		{4D4EF2E4-8EA2-4DD6-9593-B69FEE5BB96E}.Debug|Any CPU.ActiveCfg = Debug|Any CPU
		{4D4EF2E4-8EA2-4DD6-9593-B69FEE5BB96E}.Debug|Any CPU.Build.0 = Debug|Any CPU
		{4D4EF2E4-8EA2-4DD6-9593-B69FEE5BB96E}.Release|Any CPU.ActiveCfg = Release|Any CPU
		{4D4EF2E4-8EA2-4DD6-9593-B69FEE5BB96E}.Release|Any CPU.Build.0 = Release|Any CPU
		{EC6BCF70-8E2C-43A6-BF55-F36A4312BD08}.Debug|Any CPU.ActiveCfg = Debug|Any CPU
		{EC6BCF70-8E2C-43A6-BF55-F36A4312BD08}.Debug|Any CPU.Build.0 = Debug|Any CPU
		{EC6BCF70-8E2C-43A6-BF55-F36A4312BD08}.Release|Any CPU.ActiveCfg = Release|Any CPU
		{EC6BCF70-8E2C-43A6-BF55-F36A4312BD08}.Release|Any CPU.Build.0 = Release|Any CPU
		{8D1E81FA-6AE7-4120-962F-CCB08A2A9FC8}.Debug|Any CPU.ActiveCfg = Debug|Any CPU
		{8D1E81FA-6AE7-4120-962F-CCB08A2A9FC8}.Debug|Any CPU.Build.0 = Debug|Any CPU
		{8D1E81FA-6AE7-4120-962F-CCB08A2A9FC8}.Release|Any CPU.ActiveCfg = Release|Any CPU
		{8D1E81FA-6AE7-4120-962F-CCB08A2A9FC8}.Release|Any CPU.Build.0 = Release|Any CPU
		{7689B108-1CBB-4AC2-8AA6-86758013B091}.Debug|Any CPU.ActiveCfg = Debug|Any CPU
		{7689B108-1CBB-4AC2-8AA6-86758013B091}.Debug|Any CPU.Build.0 = Debug|Any CPU
		{7689B108-1CBB-4AC2-8AA6-86758013B091}.Release|Any CPU.ActiveCfg = Release|Any CPU
		{7689B108-1CBB-4AC2-8AA6-86758013B091}.Release|Any CPU.Build.0 = Release|Any CPU
		{5DA694C6-CD42-4F78-8171-D77C17301E74}.Debug|Any CPU.ActiveCfg = Debug|Any CPU
		{5DA694C6-CD42-4F78-8171-D77C17301E74}.Debug|Any CPU.Build.0 = Debug|Any CPU
		{5DA694C6-CD42-4F78-8171-D77C17301E74}.Release|Any CPU.ActiveCfg = Release|Any CPU
		{5DA694C6-CD42-4F78-8171-D77C17301E74}.Release|Any CPU.Build.0 = Release|Any CPU
	EndGlobalSection
	GlobalSection(SolutionProperties) = preSolution
		HideSolutionNode = FALSE
	EndGlobalSection
	GlobalSection(NestedProjects) = preSolution
		{D78877FE-CF92-4D41-BF47-EAEA7362ABFD} = {00B2BA68-B893-49EC-92E1-7731CC2798D3}
		{AECA90BC-93FC-4A4E-98A9-A9A78187C203} = {D4E7D394-7D58-4ECA-9176-BD85C2B00713}
		{F9438EE8-23B2-4722-8C07-E964E58C646B} = {D4E7D394-7D58-4ECA-9176-BD85C2B00713}
		{335727CB-EB04-4EAF-BA2C-C2FD1D9B716A} = {00B2BA68-B893-49EC-92E1-7731CC2798D3}
		{49B741C6-EB58-4521-ABCA-7D61D1909C71} = {D4E7D394-7D58-4ECA-9176-BD85C2B00713}
		{E7509D3C-F5BB-408C-9076-A7C3C755CE55} = {00B2BA68-B893-49EC-92E1-7731CC2798D3}
		{CF873769-1E99-498A-A4D6-A770D2B971C4} = {D4E7D394-7D58-4ECA-9176-BD85C2B00713}
		{1AA199B8-09D0-4F3A-8145-4F228798182A} = {00B2BA68-B893-49EC-92E1-7731CC2798D3}
		{92AB314F-7E48-46E4-A50D-657A9C062010} = {D4E7D394-7D58-4ECA-9176-BD85C2B00713}
		{890478A1-2FD6-482D-8FA7-050987F87F7A} = {00B2BA68-B893-49EC-92E1-7731CC2798D3}
		{FAD42E70-F64E-4037-80F1-3BD445E17CBC} = {00B2BA68-B893-49EC-92E1-7731CC2798D3}
		{1061651E-9017-4FC7-8FEA-905FE24AE306} = {00B2BA68-B893-49EC-92E1-7731CC2798D3}
		{47ECF17E-BFEF-456F-B931-F3FDC461DCE1} = {00B2BA68-B893-49EC-92E1-7731CC2798D3}
		{6408D9BE-8B7D-43D3-B596-9ACB9ECCE319} = {00B2BA68-B893-49EC-92E1-7731CC2798D3}
		{2E5EBA6B-8BCD-4444-8B22-1C339501E2AE} = {00B2BA68-B893-49EC-92E1-7731CC2798D3}
		{CFBD728E-BE2D-4E2B-9B9B-B5A69142121D} = {00B2BA68-B893-49EC-92E1-7731CC2798D3}
		{464E1C7C-5F4E-4B06-8E5A-E3D5D4E20D4B} = {D4E7D394-7D58-4ECA-9176-BD85C2B00713}
		{B70CB9B2-D295-4A3A-84BD-7B5E833FC4BD} = {00B2BA68-B893-49EC-92E1-7731CC2798D3}
		{3C1CAD6E-6C65-4B1A-993F-7578B2DBB21B} = {00B2BA68-B893-49EC-92E1-7731CC2798D3}
		{2F6CE007-7BFB-4503-B653-8222FF080166} = {00B2BA68-B893-49EC-92E1-7731CC2798D3}
		{4D4EF2E4-8EA2-4DD6-9593-B69FEE5BB96E} = {86B990B3-D534-425F-A2E6-0AD2CDFFE463}
		{EC6BCF70-8E2C-43A6-BF55-F36A4312BD08} = {92C3990B-9509-4413-AE5A-B07A45843FB8}
		{8D1E81FA-6AE7-4120-962F-CCB08A2A9FC8} = {92C3990B-9509-4413-AE5A-B07A45843FB8}
		{7689B108-1CBB-4AC2-8AA6-86758013B091} = {92C3990B-9509-4413-AE5A-B07A45843FB8}
		{5DA694C6-CD42-4F78-8171-D77C17301E74} = {92C3990B-9509-4413-AE5A-B07A45843FB8}
	EndGlobalSection
	GlobalSection(ExtensibilityGlobals) = postSolution
		SolutionGuid = {4BDEB474-8681-45F5-8E30-89F6F261B73D}
	EndGlobalSection
EndGlobal
